
Microsoft Visual Studio Solution File, Format Version 12.00
Project("{FAE04EC0-301F-11D3-BF4B-00C04F79EFBC}") = "Fiken.Sdk", "Fiken.Sdk\Fiken.Sdk.csproj", "{B0B1DEB3-4998-4795-887C-B68FA6A4957D}"
EndProject
Project("{FAE04EC0-301F-11D3-BF4B-00C04F79EFBC}") = "GUI", "GUI\GUI.csproj", "{5DB9C589-A1AF-4CFD-BA55-CAD1C25E9198}"
EndProject
Project("{FAE04EC0-301F-11D3-BF4B-00C04F79EFBC}") = "Shopify2Fiken.Domain", "Shopify2Fiken.Domain\Shopify2Fiken.Domain.csproj", "{11D075DA-5FBD-44E2-95A9-34A830EE3197}"
EndProject
Global
	GlobalSection(SolutionConfigurationPlatforms) = preSolution
		Debug|Any CPU = Debug|Any CPU
		Release|Any CPU = Release|Any CPU
	EndGlobalSection
	GlobalSection(ProjectConfigurationPlatforms) = postSolution
		{B0B1DEB3-4998-4795-887C-B68FA6A4957D}.Debug|Any CPU.ActiveCfg = Debug|Any CPU
		{B0B1DEB3-4998-4795-887C-B68FA6A4957D}.Debug|Any CPU.Build.0 = Debug|Any CPU
		{B0B1DEB3-4998-4795-887C-B68FA6A4957D}.Release|Any CPU.ActiveCfg = Release|Any CPU
		{B0B1DEB3-4998-4795-887C-B68FA6A4957D}.Release|Any CPU.Build.0 = Release|Any CPU
		{5DB9C589-A1AF-4CFD-BA55-CAD1C25E9198}.Debug|Any CPU.ActiveCfg = Debug|Any CPU
		{5DB9C589-A1AF-4CFD-BA55-CAD1C25E9198}.Debug|Any CPU.Build.0 = Debug|Any CPU
		{5DB9C589-A1AF-4CFD-BA55-CAD1C25E9198}.Release|Any CPU.ActiveCfg = Release|Any CPU
		{5DB9C589-A1AF-4CFD-BA55-CAD1C25E9198}.Release|Any CPU.Build.0 = Release|Any CPU
		{11D075DA-5FBD-44E2-95A9-34A830EE3197}.Debug|Any CPU.ActiveCfg = Debug|Any CPU
		{11D075DA-5FBD-44E2-95A9-34A830EE3197}.Debug|Any CPU.Build.0 = Debug|Any CPU
		{11D075DA-5FBD-44E2-95A9-34A830EE3197}.Release|Any CPU.ActiveCfg = Release|Any CPU
		{11D075DA-5FBD-44E2-95A9-34A830EE3197}.Release|Any CPU.Build.0 = Release|Any CPU
	EndGlobalSection
EndGlobal
